
Microsoft Visual Studio Solution File, Format Version 12.00
# Visual Studio Version 16
VisualStudioVersion = 25.0.1703.0
MinimumVisualStudioVersion = 10.0.40219.1
Project("{FAE04EC0-301F-11D3-BF4B-00C04F79EFBC}") = "CompanyInfoMVC", "CompanyInfoMVC\CompanyInfoMVC.csproj", "{7C6716FC-C753-44EF-A137-6AD13CDCDD80}"
EndProject
Global
	GlobalSection(SolutionConfigurationPlatforms) = preSolution
		Debug|Any CPU = Debug|Any CPU
		Release|Any CPU = Release|Any CPU
	EndGlobalSection
	GlobalSection(ProjectConfigurationPlatforms) = postSolution
		{7C6716FC-C753-44EF-A137-6AD13CDCDD80}.Debug|Any CPU.ActiveCfg = Debug|Any CPU
		{7C6716FC-C753-44EF-A137-6AD13CDCDD80}.Debug|Any CPU.Build.0 = Debug|Any CPU
		{7C6716FC-C753-44EF-A137-6AD13CDCDD80}.Release|Any CPU.ActiveCfg = Release|Any CPU
		{7C6716FC-C753-44EF-A137-6AD13CDCDD80}.Release|Any CPU.Build.0 = Release|Any CPU
	EndGlobalSection
	GlobalSection(SolutionProperties) = preSolution
		HideSolutionNode = FALSE
	EndGlobalSection
	GlobalSection(ExtensibilityGlobals) = postSolution
		SolutionGuid = {0F1322B7-C75F-4327-868F-621F6D2886B8}
	EndGlobalSection
EndGlobal
